{
  "name": "focus-lib",
  "version": "1.0.0",
  "lockfileVersion": 3,
  "requires": true,
  "packages": {
    "": {
      "name": "focus-lib",
      "version": "1.0.0",
      "license": "MIT",
      "dependencies": {
        "child_process": "^1.0.2",
        "exiftool-vendored": "^21.2.0",
        "fs": "^0.0.1-security",
        "path": "^0.12.7"
      }
    },
    "node_modules/@photostructure/tz-lookup": {
      "version": "7.0.0",
      "resolved": "https://registry.npmjs.org/@photostructure/tz-lookup/-/tz-lookup-7.0.0.tgz",
      "integrity": "sha512-pTRsZz7Sn4yAtItC7I4+0segDHosMyOtJgAXg+xvDOolT0Xz4IFWqBV33OMCWoaNd3oQb60wbWhLeCQgJCyZAA=="
    },
    "node_modules/@types/luxon": {
      "version": "3.2.0",
      "resolved": "https://registry.npmjs.org/@types/luxon/-/luxon-3.2.0.tgz",
      "integrity": "sha512-lGmaGFoaXHuOLXFvuju2bfvZRqxAqkHPx9Y9IQdQABrinJJshJwfNCKV+u7rR3kJbiqfTF/NhOkcxxAFrObyaA=="
    },
    "node_modules/batch-cluster": {
      "version": "12.0.0",
      "resolved": "https://registry.npmjs.org/batch-cluster/-/batch-cluster-12.0.0.tgz",
      "integrity": "sha512-IYLp2rqdgB6f8rWklBnZpYxJVEN475SuBlykhwiDoHM9zOOXTqhKaJF2733dXUZcedApmn1oWfn1EUqQQf6hyg==",
      "engines": {
        "node": ">=14"
      }
    },
    "node_modules/child_process": {
      "version": "1.0.2",
      "resolved": "https://registry.npmjs.org/child_process/-/child_process-1.0.2.tgz",
      "integrity": "sha512-Wmza/JzL0SiWz7kl6MhIKT5ceIlnFPJX+lwUGj7Clhy5MMldsSoJR0+uvRzOS5Kv45Mq7t1PoE8TsOA9bzvb6g=="
    },
    "node_modules/exiftool-vendored": {
      "version": "21.2.0",
      "resolved": "https://registry.npmjs.org/exiftool-vendored/-/exiftool-vendored-21.2.0.tgz",
      "integrity": "sha512-zmojRmQPuTrRKJAxOqdXALQApaxJTKY3Gf1A9dxWgTKtdmgZDSmWbntoXFAl9CvPdAXPHq+VCUXL1g9Ue+iw+w==",
      "dependencies": {
        "@photostructure/tz-lookup": "^7.0.0",
        "@types/luxon": "^3.2.0",
        "batch-cluster": "^12.0.0",
        "he": "^1.2.0",
        "luxon": "^3.2.1"
      },
      "optionalDependencies": {
        "exiftool-vendored.exe": "12.56.0",
        "exiftool-vendored.pl": "12.56.0"
      }
    },
    "node_modules/exiftool-vendored.exe": {
      "version": "12.56.0",
      "resolved": "https://registry.npmjs.org/exiftool-vendored.exe/-/exiftool-vendored.exe-12.56.0.tgz",
      "integrity": "sha512-Taf11Nct1ArOas7u/gm4QsVyfCcvjp3R1mWyzK1HPEtrGFOkNMyK7j0oPA0yYqZdLLNoqosXTMz/5x2WS2zL6Q==",
      "optional": true,
      "os": [
        "win32"
      ]
    },
    "node_modules/exiftool-vendored.pl": {
      "version": "12.56.0",
      "resolved": "https://registry.npmjs.org/exiftool-vendored.pl/-/exiftool-vendored.pl-12.56.0.tgz",
      "integrity": "sha512-WLY8L//z6PGBXP/sZl/9SA8hJ1OoTBWw8eO2kDZPXInEt4fJKl2dTZD7M+PcehNIUhy0Ud/HZF5DK1MZc5au2w==",
      "optional": true,
      "os": [
        "!win32"
      ]
    },
    "node_modules/fs": {
      "version": "0.0.1-security",
      "resolved": "https://registry.npmjs.org/fs/-/fs-0.0.1-security.tgz",
      "integrity": "sha512-3XY9e1pP0CVEUCdj5BmfIZxRBTSDycnbqhIOGec9QYtmVH2fbLpj86CFWkrNOkt/Fvty4KZG5lTglL9j/gJ87w=="
    },
    "node_modules/he": {
      "version": "1.2.0",
      "resolved": "https://registry.npmjs.org/he/-/he-1.2.0.tgz",
      "integrity": "sha512-F/1DnUGPopORZi0ni+CvrCgHQ5FyEAHRLSApuYWMmrbSwoN2Mn/7k+Gl38gJnR7yyDZk6WLXwiGod1JOWNDKGw==",
      "bin": {
        "he": "bin/he"
      }
    },
    "node_modules/inherits": {
      "version": "2.0.3",
      "resolved": "https://registry.npmjs.org/inherits/-/inherits-2.0.3.tgz",
      "integrity": "sha512-x00IRNXNy63jwGkJmzPigoySHbaqpNuzKbBOmzK+g2OdZpQ9w+sxCN+VSB3ja7IAge2OP2qpfxTjeNcyjmW1uw=="
    },
    "node_modules/luxon": {
      "version": "3.3.0",
      "resolved": "https://registry.npmjs.org/luxon/-/luxon-3.3.0.tgz",
      "integrity": "sha512-An0UCfG/rSiqtAIiBPO0Y9/zAnHUZxAMiCpTd5h2smgsj7GGmcenvrvww2cqNA8/4A5ZrD1gJpHN2mIHZQF+Mg==",
      "engines": {
        "node": ">=12"
      }
    },
    "node_modules/path": {
      "version": "0.12.7",
      "resolved": "https://registry.npmjs.org/path/-/path-0.12.7.tgz",
      "integrity": "sha512-aXXC6s+1w7otVF9UletFkFcDsJeO7lSZBPUQhtb5O0xJe8LtYhj/GxldoL09bBj9+ZmE2hNoHqQSFMN5fikh4Q==",
      "dependencies": {
        "process": "^0.11.1",
        "util": "^0.10.3"
      }
    },
    "node_modules/process": {
      "version": "0.11.10",
      "resolved": "https://registry.npmjs.org/process/-/process-0.11.10.tgz",
      "integrity": "sha512-cdGef/drWFoydD1JsMzuFf8100nZl+GT+yacc2bEced5f9Rjk4z+WtFUTBu9PhOi9j/jfmBPu0mMEY4wIdAF8A==",
      "engines": {
        "node": ">= 0.6.0"
      }
    },
    "node_modules/util": {
      "version": "0.10.4",
      "resolved": "https://registry.npmjs.org/util/-/util-0.10.4.tgz",
      "integrity": "sha512-0Pm9hTQ3se5ll1XihRic3FDIku70C+iHUdT/W926rSgHV5QgXsYbKZN8MSC3tJtSkhuROzvsQjAaFENRXr+19A==",
      "dependencies": {
        "inherits": "2.0.3"
      }
    }
  }
}
